
Microsoft Visual Studio Solution File, Format Version 12.00
# Visual Studio Version 17
VisualStudioVersion = 17.11.35222.181
MinimumVisualStudioVersion = 10.0.40219.1
Project("{FAE04EC0-301F-11D3-BF4B-00C04F79EFBC}") = "RPG", "RPG\RPG.csproj", "{957517E0-27BB-40A4-8050-017CDEA1F4BF}"
EndProject
Global
	GlobalSection(SolutionConfigurationPlatforms) = preSolution
		Debug|Any CPU = Debug|Any CPU
		Release|Any CPU = Release|Any CPU
	EndGlobalSection
	GlobalSection(ProjectConfigurationPlatforms) = postSolution
		{957517E0-27BB-40A4-8050-017CDEA1F4BF}.Debug|Any CPU.ActiveCfg = Debug|Any CPU
		{957517E0-27BB-40A4-8050-017CDEA1F4BF}.Debug|Any CPU.Build.0 = Debug|Any CPU
		{957517E0-27BB-40A4-8050-017CDEA1F4BF}.Release|Any CPU.ActiveCfg = Release|Any CPU
		{957517E0-27BB-40A4-8050-017CDEA1F4BF}.Release|Any CPU.Build.0 = Release|Any CPU
	EndGlobalSection
	GlobalSection(SolutionProperties) = preSolution
		HideSolutionNode = FALSE
	EndGlobalSection
	GlobalSection(ExtensibilityGlobals) = postSolution
		SolutionGuid = {E1C45878-B06E-44F7-A8D9-89A8F031F026}
	EndGlobalSection
EndGlobal
